
Microsoft Visual Studio Solution File, Format Version 12.00
# Visual Studio Version 16
VisualStudioVersion = 16.0.30907.101
MinimumVisualStudioVersion = 10.0.40219.1
Project("{FAE04EC0-301F-11D3-BF4B-00C04F79EFBC}") = "Bookstore", "Bookstore.csproj", "{968272AD-8434-4C4A-B7F8-21A46102C7E9}"
EndProject
Global
	GlobalSection(SolutionConfigurationPlatforms) = preSolution
		Debug|Any CPU = Debug|Any CPU
		Release|Any CPU = Release|Any CPU
	EndGlobalSection
	GlobalSection(ProjectConfigurationPlatforms) = postSolution
		{968272AD-8434-4C4A-B7F8-21A46102C7E9}.Debug|Any CPU.ActiveCfg = Debug|Any CPU
		{968272AD-8434-4C4A-B7F8-21A46102C7E9}.Debug|Any CPU.Build.0 = Debug|Any CPU
		{968272AD-8434-4C4A-B7F8-21A46102C7E9}.Release|Any CPU.ActiveCfg = Release|Any CPU
		{968272AD-8434-4C4A-B7F8-21A46102C7E9}.Release|Any CPU.Build.0 = Release|Any CPU
	EndGlobalSection
	GlobalSection(SolutionProperties) = preSolution
		HideSolutionNode = FALSE
	EndGlobalSection
	GlobalSection(ExtensibilityGlobals) = postSolution
		SolutionGuid = {F8A482F6-53C0-471F-AC52-F4F26DBAD67C}
	EndGlobalSection
EndGlobal
